<?xml version="1.0" encoding="utf-8"?>
<Project ToolsVersion="4.0" xmlns="http://schemas.microsoft.com/developer/msbuild/2003">
  <ItemGroup>
    <ClInclude Include="stdafx.h" />
    <ClInclude Include="Program.h" />
    <ClInclude Include="Demos\GUIDemo.h" />
    <ClInclude Include="Demos\TextureDemo.h" />
    <ClInclude Include="Demos\BlurDemo.h" />
    <ClInclude Include="Demos\CollisionDemo.h" />
    <ClInclude Include="Demos\AnimationDemo.h" />
    <ClInclude Include="Demos\PlayerDemo.h" />
    <ClInclude Include="Demos\TileDemo.h" />
    <ClInclude Include="Demos\GameoverDemo.h" />
  </ItemGroup>
  <ItemGroup>
    <ClCompile Include="Program.cpp" />
    <ClCompile Include="Demos\GUIDemo.cpp" />
    <ClCompile Include="Demos\TextureDemo.cpp" />
    <ClCompile Include="Demos\BlurDemo.cpp" />
    <ClCompile Include="Demos\CollisionDemo.cpp" />
    <ClCompile Include="Demos\AnimationDemo.cpp" />
    <ClCompile Include="Demos\PlayerDemo.cpp" />
    <ClCompile Include="Demos\TileDemo.cpp" />
    <ClCompile Include="Demos\GameoverDemo.cpp" />
  </ItemGroup>
</Project>